
Microsoft Visual Studio Solution File, Format Version 12.00
# Visual Studio Version 17
VisualStudioVersion = 17.4.33213.308
MinimumVisualStudioVersion = 10.0.40219.1
Project("{8BC9CEB8-8B4A-11D0-8D11-00A0C91BC942}") = "Engine", "Engine\Engine.vcxproj", "{4F5C1012-31BD-4947-831E-BF2CC095398F}"
EndProject
Project("{8BC9CEB8-8B4A-11D0-8D11-00A0C91BC942}") = "Client", "Client\Client.vcxproj", "{2C2D9AA8-61C9-4AB4-B14A-DBDF76A868CC}"
EndProject
Project("{2150E333-8FDC-42A3-9474-1A3956D46DE8}") = "Tools", "Tools", "{2E2ED00A-A5B5-4913-AEE4-4AB934E8EB49}"
EndProject
Project("{8BC9CEB8-8B4A-11D0-8D11-00A0C91BC942}") = "AssimpTool", "Tools\AssimpTool\AssimpTool.vcxproj", "{3D8F2E84-BEAD-4050-94AA-7D9B78E1CA54}"
EndProject
Global
	GlobalSection(SolutionConfigurationPlatforms) = preSolution
		Debug|x64 = Debug|x64
		Debug|x86 = Debug|x86
		Release|x64 = Release|x64
		Release|x86 = Release|x86
	EndGlobalSection
	GlobalSection(ProjectConfigurationPlatforms) = postSolution
		{4F5C1012-31BD-4947-831E-BF2CC095398F}.Debug|x64.ActiveCfg = Debug|x64
		{4F5C1012-31BD-4947-831E-BF2CC095398F}.Debug|x64.Build.0 = Debug|x64
		{4F5C1012-31BD-4947-831E-BF2CC095398F}.Debug|x86.ActiveCfg = Debug|Win32
		{4F5C1012-31BD-4947-831E-BF2CC095398F}.Debug|x86.Build.0 = Debug|Win32
		{4F5C1012-31BD-4947-831E-BF2CC095398F}.Release|x64.ActiveCfg = Release|x64
		{4F5C1012-31BD-4947-831E-BF2CC095398F}.Release|x64.Build.0 = Release|x64
		{4F5C1012-31BD-4947-831E-BF2CC095398F}.Release|x86.ActiveCfg = Release|Win32
		{4F5C1012-31BD-4947-831E-BF2CC095398F}.Release|x86.Build.0 = Release|Win32
		{2C2D9AA8-61C9-4AB4-B14A-DBDF76A868CC}.Debug|x64.ActiveCfg = Debug|x64
		{2C2D9AA8-61C9-4AB4-B14A-DBDF76A868CC}.Debug|x64.Build.0 = Debug|x64
		{2C2D9AA8-61C9-4AB4-B14A-DBDF76A868CC}.Debug|x86.ActiveCfg = Debug|Win32
		{2C2D9AA8-61C9-4AB4-B14A-DBDF76A868CC}.Debug|x86.Build.0 = Debug|Win32
		{2C2D9AA8-61C9-4AB4-B14A-DBDF76A868CC}.Release|x64.ActiveCfg = Release|x64
		{2C2D9AA8-61C9-4AB4-B14A-DBDF76A868CC}.Release|x64.Build.0 = Release|x64
		{2C2D9AA8-61C9-4AB4-B14A-DBDF76A868CC}.Release|x86.ActiveCfg = Release|Win32
		{2C2D9AA8-61C9-4AB4-B14A-DBDF76A868CC}.Release|x86.Build.0 = Release|Win32
		{3D8F2E84-BEAD-4050-94AA-7D9B78E1CA54}.Debug|x64.ActiveCfg = Debug|x64
		{3D8F2E84-BEAD-4050-94AA-7D9B78E1CA54}.Debug|x64.Build.0 = Debug|x64
		{3D8F2E84-BEAD-4050-94AA-7D9B78E1CA54}.Debug|x86.ActiveCfg = Debug|Win32
		{3D8F2E84-BEAD-4050-94AA-7D9B78E1CA54}.Debug|x86.Build.0 = Debug|Win32
		{3D8F2E84-BEAD-4050-94AA-7D9B78E1CA54}.Release|x64.ActiveCfg = Release|x64
		{3D8F2E84-BEAD-4050-94AA-7D9B78E1CA54}.Release|x64.Build.0 = Release|x64
		{3D8F2E84-BEAD-4050-94AA-7D9B78E1CA54}.Release|x86.ActiveCfg = Release|Win32
		{3D8F2E84-BEAD-4050-94AA-7D9B78E1CA54}.Release|x86.Build.0 = Release|Win32
	EndGlobalSection
	GlobalSection(SolutionProperties) = preSolution
		HideSolutionNode = FALSE
	EndGlobalSection
	GlobalSection(NestedProjects) = preSolution
		{3D8F2E84-BEAD-4050-94AA-7D9B78E1CA54} = {2E2ED00A-A5B5-4913-AEE4-4AB934E8EB49}
	EndGlobalSection
	GlobalSection(ExtensibilityGlobals) = postSolution
		SolutionGuid = {C0CF27C3-2F32-4F84-BFFD-AED2408F6E40}
	EndGlobalSection
EndGlobal
