<?xml version="1.0" encoding="utf-8"?>
<Project ToolsVersion="4.0" xmlns="http://schemas.microsoft.com/developer/msbuild/2003">
  <ItemGroup>
    <Filter Include="Game">
      <UniqueIdentifier>{d2d0fd71-4d67-48c2-b343-6fdb5782e40f}</UniqueIdentifier>
    </Filter>
    <Filter Include="Main">
      <UniqueIdentifier>{7efaf247-0110-432a-9d3a-fb863c368ac6}</UniqueIdentifier>
    </Filter>
    <Filter Include="Shaders">
      <UniqueIdentifier>{ec1fc7a4-e083-4ffe-aa6f-9f1c2c16b5c4}</UniqueIdentifier>
    </Filter>
    <Filter Include="Main\Camera">
      <UniqueIdentifier>{5660782f-3b43-43b0-8285-feb2eed21360}</UniqueIdentifier>
    </Filter>
    <Filter Include="Shaders\Common">
      <UniqueIdentifier>{abbccf2f-b0c6-4bd1-a2da-615b4252d7d9}</UniqueIdentifier>
    </Filter>
    <Filter Include="Shaders\Week1">
      <UniqueIdentifier>{9b14eae6-ab10-4108-b31d-b1e4a2ccb1d3}</UniqueIdentifier>
    </Filter>
    <Filter Include="Shaders\Week2">
      <UniqueIdentifier>{19e2d62c-97d5-4175-a1a6-dc2a26a24376}</UniqueIdentifier>
    </Filter>
    <Filter Include="Game\Week2">
      <UniqueIdentifier>{b1e98d61-6916-46b8-81b2-fc76d31d95c5}</UniqueIdentifier>
    </Filter>
    <Filter Include="Game\Week3">
      <UniqueIdentifier>{b846dc7f-6e09-467e-92b5-3c93849a6006}</UniqueIdentifier>
    </Filter>
    <Filter Include="Shaders\Week3">
      <UniqueIdentifier>{549be67c-c027-429c-8206-52f94b9e6f65}</UniqueIdentifier>
    </Filter>
    <Filter Include="Shaders\Week4">
      <UniqueIdentifier>{ace990a0-01c7-4ed2-9373-0ae2ce7bf1e8}</UniqueIdentifier>
    </Filter>
  </ItemGroup>
  <ItemGroup>
    <ClCompile Include="pch.cpp">
      <Filter>Main</Filter>
    </ClCompile>
    <ClCompile Include="Main.cpp">
      <Filter>Main</Filter>
    </ClCompile>
    <ClCompile Include="CameraScript.cpp">
      <Filter>Main\Camera</Filter>
    </ClCompile>
    <ClCompile Include="18. NormalMappingDemo.cpp">
      <Filter>Game\Week2</Filter>
    </ClCompile>
  </ItemGroup>
  <ItemGroup>
    <ClInclude Include="pch.h">
      <Filter>Main</Filter>
    </ClInclude>
    <ClInclude Include="Main.h">
      <Filter>Main</Filter>
    </ClInclude>
    <ClInclude Include="CameraScript.h">
      <Filter>Main\Camera</Filter>
    </ClInclude>
    <ClInclude Include="18. NormalMappingDemo.h">
      <Filter>Game\Week2</Filter>
    </ClInclude>
  </ItemGroup>
  <ItemGroup>
    <FxCompile Include="..\Shaders\07. Normal.fx">
      <Filter>Shaders\Week1</Filter>
    </FxCompile>
    <FxCompile Include="..\Shaders\01. Triangle.fx">
      <Filter>Shaders\Week1</Filter>
    </FxCompile>
    <FxCompile Include="..\Shaders\02. Rectangle.fx">
      <Filter>Shaders\Week1</Filter>
    </FxCompile>
    <FxCompile Include="..\Shaders\03. ConstBuffer.fx">
      <Filter>Shaders\Week1</Filter>
    </FxCompile>
    <FxCompile Include="..\Shaders\04. Texture.fx">
      <Filter>Shaders\Week1</Filter>
    </FxCompile>
    <FxCompile Include="..\Shaders\05. Sampler.fx">
      <Filter>Shaders\Week1</Filter>
    </FxCompile>
    <FxCompile Include="..\Shaders\06. Terrain.fx">
      <Filter>Shaders\Week1</Filter>
    </FxCompile>
    <FxCompile Include="..\Shaders\08. GlobalDemo.fx">
      <Filter>Shaders\Week2</Filter>
    </FxCompile>
    <FxCompile Include="..\Shaders\00. Global.fx">
      <Filter>Shaders\Common</Filter>
    </FxCompile>
    <FxCompile Include="..\Shaders\09. Lighting_Ambient.fx">
      <Filter>Shaders\Week2</Filter>
    </FxCompile>
    <FxCompile Include="..\Shaders\10. Lighting_Diffuse.fx">
      <Filter>Shaders\Week2</Filter>
    </FxCompile>
    <FxCompile Include="..\Shaders\11. Lighting_Specular.fx">
      <Filter>Shaders\Week2</Filter>
    </FxCompile>
    <FxCompile Include="..\Shaders\12. Lighting_Emissive.fx">
      <Filter>Shaders\Week2</Filter>
    </FxCompile>
    <FxCompile Include="..\Shaders\13. Lighting.fx">
      <Filter>Shaders\Week2</Filter>
    </FxCompile>
    <FxCompile Include="..\Shaders\00. Light.fx">
      <Filter>Shaders\Common</Filter>
    </FxCompile>
    <FxCompile Include="..\Shaders\14. NormalMapping.fx">
      <Filter>Shaders\Week2</Filter>
    </FxCompile>
    <FxCompile Include="..\Shaders\15. ModelDemo.fx">
      <Filter>Shaders\Week3</Filter>
    </FxCompile>
    <FxCompile Include="..\Shaders\16. AnimationDemo.fx">
      <Filter>Shaders\Week4</Filter>
    </FxCompile>
    <FxCompile Include="..\Shaders\17. TweenDemo.fx">
      <Filter>Shaders\Week4</Filter>
    </FxCompile>
  </ItemGroup>
</Project>